// !$*UTF8*$!
{
	archiveVersion = 1;
	classes = {
	};
	objectVersion = 50;
	objects = {

/* Begin PBXBuildFile section */
		8794A44923729A04009EF8FD /* AppDelegate.swift in Sources */ = {isa = PBXBuildFile; fileRef = 8794A44823729A04009EF8FD /* AppDelegate.swift */; };
		8794A44B23729A04009EF8FD /* SceneDelegate.swift in Sources */ = {isa = PBXBuildFile; fileRef = 8794A44A23729A04009EF8FD /* SceneDelegate.swift */; };
		8794A44D23729A04009EF8FD /* ContentView.swift in Sources */ = {isa = PBXBuildFile; fileRef = 8794A44C23729A04009EF8FD /* ContentView.swift */; };
		8794A44F23729A07009EF8FD /* Assets.xcassets in Resources */ = {isa = PBXBuildFile; fileRef = 8794A44E23729A07009EF8FD /* Assets.xcassets */; };
		8794A45223729A07009EF8FD /* Preview Assets.xcassets in Resources */ = {isa = PBXBuildFile; fileRef = 8794A45123729A07009EF8FD /* Preview Assets.xcassets */; };
		8794A45523729A07009EF8FD /* LaunchScreen.storyboard in Resources */ = {isa = PBXBuildFile; fileRef = 8794A45323729A07009EF8FD /* LaunchScreen.storyboard */; };
		8794A46023729A08009EF8FD /* TextViewAppTests.swift in Sources */ = {isa = PBXBuildFile; fileRef = 8794A45F23729A08009EF8FD /* TextViewAppTests.swift */; };
		8794A46B23729A08009EF8FD /* TextViewAppUITests.swift in Sources */ = {isa = PBXBuildFile; fileRef = 8794A46A23729A08009EF8FD /* TextViewAppUITests.swift */; };
/* End PBXBuildFile section */

/* Begin PBXContainerItemProxy section */
		8794A45C23729A07009EF8FD /* PBXContainerItemProxy */ = {
			isa = PBXContainerItemProxy;
			containerPortal = 8794A43D23729A04009EF8FD /* Project object */;
			proxyType = 1;
			remoteGlobalIDString = 8794A44423729A04009EF8FD;
			remoteInfo = TextViewApp;
		};
		8794A46723729A08009EF8FD /* PBXContainerItemProxy */ = {
			isa = PBXContainerItemProxy;
			containerPortal = 8794A43D23729A04009EF8FD /* Project object */;
			proxyType = 1;
			remoteGlobalIDString = 8794A44423729A04009EF8FD;
			remoteInfo = TextViewApp;
		};
/* End PBXContainerItemProxy section */

/* Begin PBXFileReference section */
		8794A44523729A04009EF8FD /* TextViewApp.app */ = {isa = PBXFileReference; explicitFileType = wrapper.application; includeInIndex = 0; path = TextViewApp.app; sourceTree = BUILT_PRODUCTS_DIR; };
		8794A44823729A04009EF8FD /* AppDelegate.swift */ = {isa = PBXFileReference; lastKnownFileType = sourcecode.swift; path = AppDelegate.swift; sourceTree = "<group>"; };
		8794A44A23729A04009EF8FD /* SceneDelegate.swift */ = {isa = PBXFileReference; lastKnownFileType = sourcecode.swift; path = SceneDelegate.swift; sourceTree = "<group>"; };
		8794A44C23729A04009EF8FD /* ContentView.swift */ = {isa = PBXFileReference; lastKnownFileType = sourcecode.swift; path = ContentView.swift; sourceTree = "<group>"; };
		8794A44E23729A07009EF8FD /* Assets.xcassets */ = {isa = PBXFileReference; lastKnownFileType = folder.assetcatalog; path = Assets.xcassets; sourceTree = "<group>"; };
		8794A45123729A07009EF8FD /* Preview Assets.xcassets */ = {isa = PBXFileReference; lastKnownFileType = folder.assetcatalog; path = "Preview Assets.xcassets"; sourceTree = "<group>"; };
		8794A45423729A07009EF8FD /* Base */ = {isa = PBXFileReference; lastKnownFileType = file.storyboard; name = Base; path = Base.lproj/LaunchScreen.storyboard; sourceTree = "<group>"; };
		8794A45623729A07009EF8FD /* Info.plist */ = {isa = PBXFileReference; lastKnownFileType = text.plist.xml; path = Info.plist; sourceTree = "<group>"; };
		8794A45B23729A07009EF8FD /* TextViewAppTests.xctest */ = {isa = PBXFileReference; explicitFileType = wrapper.cfbundle; includeInIndex = 0; path = TextViewAppTests.xctest; sourceTree = BUILT_PRODUCTS_DIR; };
		8794A45F23729A08009EF8FD /* TextViewAppTests.swift */ = {isa = PBXFileReference; lastKnownFileType = sourcecode.swift; path = TextViewAppTests.swift; sourceTree = "<group>"; };
		8794A46123729A08009EF8FD /* Info.plist */ = {isa = PBXFileReference; lastKnownFileType = text.plist.xml; path = Info.plist; sourceTree = "<group>"; };
		8794A46623729A08009EF8FD /* TextViewAppUITests.xctest */ = {isa = PBXFileReference; explicitFileType = wrapper.cfbundle; includeInIndex = 0; path = TextViewAppUITests.xctest; sourceTree = BUILT_PRODUCTS_DIR; };
		8794A46A23729A08009EF8FD /* TextViewAppUITests.swift */ = {isa = PBXFileReference; lastKnownFileType = sourcecode.swift; path = TextViewAppUITests.swift; sourceTree = "<group>"; };
		8794A46C23729A08009EF8FD /* Info.plist */ = {isa = PBXFileReference; lastKnownFileType = text.plist.xml; path = Info.plist; sourceTree = "<group>"; };
/* End PBXFileReference section */

/* Begin PBXFrameworksBuildPhase section */
		8794A44223729A04009EF8FD /* Frameworks */ = {
			isa = PBXFrameworksBuildPhase;
			buildActionMask = 2147483647;
			files = (
			);
			runOnlyForDeploymentPostprocessing = 0;
		};
		8794A45823729A07009EF8FD /* Frameworks */ = {
			isa = PBXFrameworksBuildPhase;
			buildActionMask = 2147483647;
			files = (
			);
			runOnlyForDeploymentPostprocessing = 0;
		};
		8794A46323729A08009EF8FD /* Frameworks */ = {
			isa = PBXFrameworksBuildPhase;
			buildActionMask = 2147483647;
			files = (
			);
			runOnlyForDeploymentPostprocessing = 0;
		};
/* End PBXFrameworksBuildPhase section */

/* Begin PBXGroup section */
		8794A43C23729A04009EF8FD = {
			isa = PBXGroup;
			children = (
				8794A44723729A04009EF8FD /* TextViewApp */,
				8794A45E23729A08009EF8FD /* TextViewAppTests */,
				8794A46923729A08009EF8FD /* TextViewAppUITests */,
				8794A44623729A04009EF8FD /* Products */,
			);
			sourceTree = "<group>";
		};
		8794A44623729A04009EF8FD /* Products */ = {
			isa = PBXGroup;
			children = (
				8794A44523729A04009EF8FD /* TextViewApp.app */,
				8794A45B23729A07009EF8FD /* TextViewAppTests.xctest */,
				8794A46623729A08009EF8FD /* TextViewAppUITests.xctest */,
			);
			name = Products;
			sourceTree = "<group>";
		};
		8794A44723729A04009EF8FD /* TextViewApp */ = {
			isa = PBXGroup;
			children = (
				8794A44823729A04009EF8FD /* AppDelegate.swift */,
				8794A44A23729A04009EF8FD /* SceneDelegate.swift */,
				8794A44C23729A04009EF8FD /* ContentView.swift */,
				8794A44E23729A07009EF8FD /* Assets.xcassets */,
				8794A45323729A07009EF8FD /* LaunchScreen.storyboard */,
				8794A45623729A07009EF8FD /* Info.plist */,
				8794A45023729A07009EF8FD /* Preview Content */,
			);
			path = TextViewApp;
			sourceTree = "<group>";
		};
		8794A45023729A07009EF8FD /* Preview Content */ = {
			isa = PBXGroup;
			children = (
				8794A45123729A07009EF8FD /* Preview Assets.xcassets */,
			);
			path = "Preview Content";
			sourceTree = "<group>";
		};
		8794A45E23729A08009EF8FD /* TextViewAppTests */ = {
			isa = PBXGroup;
			children = (
				8794A45F23729A08009EF8FD /* TextViewAppTests.swift */,
				8794A46123729A08009EF8FD /* Info.plist */,
			);
			path = TextViewAppTests;
			sourceTree = "<group>";
		};
		8794A46923729A08009EF8FD /* TextViewAppUITests */ = {
			isa = PBXGroup;
			children = (
				8794A46A23729A08009EF8FD /* TextViewAppUITests.swift */,
				8794A46C23729A08009EF8FD /* Info.plist */,
			);
			path = TextViewAppUITests;
			sourceTree = "<group>";
		};
/* End PBXGroup section */

/* Begin PBXNativeTarget section */
		8794A44423729A04009EF8FD /* TextViewApp */ = {
			isa = PBXNativeTarget;
			buildConfigurationList = 8794A46F23729A08009EF8FD /* Build configuration list for PBXNativeTarget "TextViewApp" */;
			buildPhases = (
				8794A44123729A04009EF8FD /* Sources */,
				8794A44223729A04009EF8FD /* Frameworks */,
				8794A44323729A04009EF8FD /* Resources */,
			);
			buildRules = (
			);
			dependencies = (
			);
			name = TextViewApp;
			productName = TextViewApp;
			productReference = 8794A44523729A04009EF8FD /* TextViewApp.app */;
			productType = "com.apple.product-type.application";
		};
		8794A45A23729A07009EF8FD /* TextViewAppTests */ = {
			isa = PBXNativeTarget;
			buildConfigurationList = 8794A47223729A08009EF8FD /* Build configuration list for PBXNativeTarget "TextViewAppTests" */;
			buildPhases = (
				8794A45723729A07009EF8FD /* Sources */,
				8794A45823729A07009EF8FD /* Frameworks */,
				8794A45923729A07009EF8FD /* Resources */,
			);
			buildRules = (
			);
			dependencies = (
				8794A45D23729A07009EF8FD /* PBXTargetDependency */,
			);
			name = TextViewAppTests;
			productName = TextViewAppTests;
			productReference = 8794A45B23729A07009EF8FD /* TextViewAppTests.xctest */;
			productType = "com.apple.product-type.bundle.unit-test";
		};
		8794A46523729A08009EF8FD /* TextViewAppUITests */ = {
			isa = PBXNativeTarget;
			buildConfigurationList = 8794A47523729A08009EF8FD /* Build configuration list for PBXNativeTarget "TextViewAppUITests" */;
			buildPhases = (
				8794A46223729A08009EF8FD /* Sources */,
				8794A46323729A08009EF8FD /* Frameworks */,
				8794A46423729A08009EF8FD /* Resources */,
			);
			buildRules = (
			);
			dependencies = (
				8794A46823729A08009EF8FD /* PBXTargetDependency */,
			);
			name = TextViewAppUITests;
			productName = TextViewAppUITests;
			productReference = 8794A46623729A08009EF8FD /* TextViewAppUITests.xctest */;
			productType = "com.apple.product-type.bundle.ui-testing";
		};
/* End PBXNativeTarget section */

/* Begin PBXProject section */
		8794A43D23729A04009EF8FD /* Project object */ = {
			isa = PBXProject;
			attributes = {
				LastSwiftUpdateCheck = 1120;
				LastUpgradeCheck = 1120;
				ORGANIZATIONNAME = Cyan;
				TargetAttributes = {
					8794A44423729A04009EF8FD = {
						CreatedOnToolsVersion = 11.2;
					};
					8794A45A23729A07009EF8FD = {
						CreatedOnToolsVersion = 11.2;
						TestTargetID = 8794A44423729A04009EF8FD;
					};
					8794A46523729A08009EF8FD = {
						CreatedOnToolsVersion = 11.2;
						TestTargetID = 8794A44423729A04009EF8FD;
					};
				};
			};
			buildConfigurationList = 8794A44023729A04009EF8FD /* Build configuration list for PBXProject "TextViewApp" */;
			compatibilityVersion = "Xcode 9.3";
			developmentRegion = en;
			hasScannedForEncodings = 0;
			knownRegions = (
				en,
				Base,
			);
			mainGroup = 8794A43C23729A04009EF8FD;
			productRefGroup = 8794A44623729A04009EF8FD /* Products */;
			projectDirPath = "";
			projectRoot = "";
			targets = (
				8794A44423729A04009EF8FD /* TextViewApp */,
				8794A45A23729A07009EF8FD /* TextViewAppTests */,
				8794A46523729A08009EF8FD /* TextViewAppUITests */,
			);
		};
/* End PBXProject section */

/* Begin PBXResourcesBuildPhase section */
		8794A44323729A04009EF8FD /* Resources */ = {
			isa = PBXResourcesBuildPhase;
			buildActionMask = 2147483647;
			files = (
				8794A45523729A07009EF8FD /* LaunchScreen.storyboard in Resources */,
				8794A45223729A07009EF8FD /* Preview Assets.xcassets in Resources */,
				8794A44F23729A07009EF8FD /* Assets.xcassets in Resources */,
			);
			runOnlyForDeploymentPostprocessing = 0;
		};
		8794A45923729A07009EF8FD /* Resources */ = {
			isa = PBXResourcesBuildPhase;
			buildActionMask = 2147483647;
			files = (
			);
			runOnlyForDeploymentPostprocessing = 0;
		};
		8794A46423729A08009EF8FD /* Resources */ = {
			isa = PBXResourcesBuildPhase;
			buildActionMask = 2147483647;
			files = (
			);
			runOnlyForDeploymentPostprocessing = 0;
		};
/* End PBXResourcesBuildPhase section */

/* Begin PBXSourcesBuildPhase section */
		8794A44123729A04009EF8FD /* Sources */ = {
			isa = PBXSourcesBuildPhase;
			buildActionMask = 2147483647;
			files = (
				8794A44923729A04009EF8FD /* AppDelegate.swift in Sources */,
				8794A44B23729A04009EF8FD /* SceneDelegate.swift in Sources */,
				8794A44D23729A04009EF8FD /* ContentView.swift in Sources */,
			);
			runOnlyForDeploymentPostprocessing = 0;
		};
		8794A45723729A07009EF8FD /* Sources */ = {
			isa = PBXSourcesBuildPhase;
			buildActionMask = 2147483647;
			files = (
				8794A46023729A08009EF8FD /* TextViewAppTests.swift in Sources */,
			);
			runOnlyForDeploymentPostprocessing = 0;
		};
		8794A46223729A08009EF8FD /* Sources */ = {
			isa = PBXSourcesBuildPhase;
			buildActionMask = 2147483647;
			files = (
				8794A46B23729A08009EF8FD /* TextViewAppUITests.swift in Sources */,
			);
			runOnlyForDeploymentPostprocessing = 0;
		};
/* End PBXSourcesBuildPhase section */

/* Begin PBXTargetDependency section */
		8794A45D23729A07009EF8FD /* PBXTargetDependency */ = {
			isa = PBXTargetDependency;
			target = 8794A44423729A04009EF8FD /* TextViewApp */;
			targetProxy = 8794A45C23729A07009EF8FD /* PBXContainerItemProxy */;
		};
		8794A46823729A08009EF8FD /* PBXTargetDependency */ = {
			isa = PBXTargetDependency;
			target = 8794A44423729A04009EF8FD /* TextViewApp */;
			targetProxy = 8794A46723729A08009EF8FD /* PBXContainerItemProxy */;
		};
/* End PBXTargetDependency section */

/* Begin PBXVariantGroup section */
		8794A45323729A07009EF8FD /* LaunchScreen.storyboard */ = {
			isa = PBXVariantGroup;
			children = (
				8794A45423729A07009EF8FD /* Base */,
			);
			name = LaunchScreen.storyboard;
			sourceTree = "<group>";
		};
/* End PBXVariantGroup section */

/* Begin XCBuildConfiguration section */
		8794A46D23729A08009EF8FD /* Debug */ = {
			isa = XCBuildConfiguration;
			buildSettings = {
				ALWAYS_SEARCH_USER_PATHS = NO;
				CLANG_ANALYZER_NONNULL = YES;
				CLANG_ANALYZER_NUMBER_OBJECT_CONVERSION = YES_AGGRESSIVE;
				CLANG_CXX_LANGUAGE_STANDARD = "gnu++14";
				CLANG_CXX_LIBRARY = "libc++";
				CLANG_ENABLE_MODULES = YES;
				CLANG_ENABLE_OBJC_ARC = YES;
				CLANG_ENABLE_OBJC_WEAK = YES;
				CLANG_WARN_BLOCK_CAPTURE_AUTORELEASING = YES;
				CLANG_WARN_BOOL_CONVERSION = YES;
				CLANG_WARN_COMMA = YES;
				CLANG_WARN_CONSTANT_CONVERSION = YES;
				CLANG_WARN_DEPRECATED_OBJC_IMPLEMENTATIONS = YES;
				CLANG_WARN_DIRECT_OBJC_ISA_USAGE = YES_ERROR;
				CLANG_WARN_DOCUMENTATION_COMMENTS = YES;
				CLANG_WARN_EMPTY_BODY = YES;
				CLANG_WARN_ENUM_CONVERSION = YES;
				CLANG_WARN_INFINITE_RECURSION = YES;
				CLANG_WARN_INT_CONVERSION = YES;
				CLANG_WARN_NON_LITERAL_NULL_CONVERSION = YES;
				CLANG_WARN_OBJC_IMPLICIT_RETAIN_SELF = YES;
				CLANG_WARN_OBJC_LITERAL_CONVERSION = YES;
				CLANG_WARN_OBJC_ROOT_CLASS = YES_ERROR;
				CLANG_WARN_RANGE_LOOP_ANALYSIS = YES;
				CLANG_WARN_STRICT_PROTOTYPES = YES;
				CLANG_WARN_SUSPICIOUS_MOVE = YES;
				CLANG_WARN_UNGUARDED_AVAILABILITY = YES_AGGRESSIVE;
				CLANG_WARN_UNREACHABLE_CODE = YES;
				CLANG_WARN__DUPLICATE_METHOD_MATCH = YES;
				COPY_PHASE_STRIP = NO;
				DEBUG_INFORMATION_FORMAT = dwarf;
				ENABLE_STRICT_OBJC_MSGSEND = YES;
				ENABLE_TESTABILITY = YES;
				GCC_C_LANGUAGE_STANDARD = gnu11;
				GCC_DYNAMIC_NO_PIC = NO;
				GCC_NO_COMMON_BLOCKS = YES;
				GCC_OPTIMIZATION_LEVEL = 0;
				GCC_PREPROCESSOR_DEFINITIONS = (
					"DEBUG=1",
					"$(inherited)",
				);
				GCC_WARN_64_TO_32_BIT_CONVERSION = YES;
				GCC_WARN_ABOUT_RETURN_TYPE = YES_ERROR;
				GCC_WARN_UNDECLARED_SELECTOR = YES;
				GCC_WARN_UNINITIALIZED_AUTOS = YES_AGGRESSIVE;
				GCC_WARN_UNUSED_FUNCTION = YES;
				GCC_WARN_UNUSED_VARIABLE = YES;
				IPHONEOS_DEPLOYMENT_TARGET = 13.2;
				MTL_ENABLE_DEBUG_INFO = INCLUDE_SOURCE;
				MTL_FAST_MATH = YES;
				ONLY_ACTIVE_ARCH = YES;
				SDKROOT = iphoneos;
				SWIFT_ACTIVE_COMPILATION_CONDITIONS = DEBUG;
				SWIFT_OPTIMIZATION_LEVEL = "-Onone";
			};
			name = Debug;
		};
		8794A46E23729A08009EF8FD /* Release */ = {
			isa = XCBuildConfiguration;
			buildSettings = {
				ALWAYS_SEARCH_USER_PATHS = NO;
				CLANG_ANALYZER_NONNULL = YES;
				CLANG_ANALYZER_NUMBER_OBJECT_CONVERSION = YES_AGGRESSIVE;
				CLANG_CXX_LANGUAGE_STANDARD = "gnu++14";
				CLANG_CXX_LIBRARY = "libc++";
				CLANG_ENABLE_MODULES = YES;
				CLANG_ENABLE_OBJC_ARC = YES;
				CLANG_ENABLE_OBJC_WEAK = YES;
				CLANG_WARN_BLOCK_CAPTURE_AUTORELEASING = YES;
				CLANG_WARN_BOOL_CONVERSION = YES;
				CLANG_WARN_COMMA = YES;
				CLANG_WARN_CONSTANT_CONVERSION = YES;
				CLANG_WARN_DEPRECATED_OBJC_IMPLEMENTATIONS = YES;
				CLANG_WARN_DIRECT_OBJC_ISA_USAGE = YES_ERROR;
				CLANG_WARN_DOCUMENTATION_COMMENTS = YES;
				CLANG_WARN_EMPTY_BODY = YES;
				CLANG_WARN_ENUM_CONVERSION = YES;
				CLANG_WARN_INFINITE_RECURSION = YES;
				CLANG_WARN_INT_CONVERSION = YES;
				CLANG_WARN_NON_LITERAL_NULL_CONVERSION = YES;
				CLANG_WARN_OBJC_IMPLICIT_RETAIN_SELF = YES;
				CLANG_WARN_OBJC_LITERAL_CONVERSION = YES;
				CLANG_WARN_OBJC_ROOT_CLASS = YES_ERROR;
				CLANG_WARN_RANGE_LOOP_ANALYSIS = YES;
				CLANG_WARN_STRICT_PROTOTYPES = YES;
				CLANG_WARN_SUSPICIOUS_MOVE = YES;
				CLANG_WARN_UNGUARDED_AVAILABILITY = YES_AGGRESSIVE;
				CLANG_WARN_UNREACHABLE_CODE = YES;
				CLANG_WARN__DUPLICATE_METHOD_MATCH = YES;
				COPY_PHASE_STRIP = NO;
				DEBUG_INFORMATION_FORMAT = "dwarf-with-dsym";
				ENABLE_NS_ASSERTIONS = NO;
				ENABLE_STRICT_OBJC_MSGSEND = YES;
				GCC_C_LANGUAGE_STANDARD = gnu11;
				GCC_NO_COMMON_BLOCKS = YES;
				GCC_WARN_64_TO_32_BIT_CONVERSION = YES;
				GCC_WARN_ABOUT_RETURN_TYPE = YES_ERROR;
				GCC_WARN_UNDECLARED_SELECTOR = YES;
				GCC_WARN_UNINITIALIZED_AUTOS = YES_AGGRESSIVE;
				GCC_WARN_UNUSED_FUNCTION = YES;
				GCC_WARN_UNUSED_VARIABLE = YES;
				IPHONEOS_DEPLOYMENT_TARGET = 13.2;
				MTL_ENABLE_DEBUG_INFO = NO;
				MTL_FAST_MATH = YES;
				SDKROOT = iphoneos;
				SWIFT_COMPILATION_MODE = wholemodule;
				SWIFT_OPTIMIZATION_LEVEL = "-O";
				VALIDATE_PRODUCT = YES;
			};
			name = Release;
		};
		8794A47023729A08009EF8FD /* Debug */ = {
			isa = XCBuildConfiguration;
			buildSettings = {
				ASSETCATALOG_COMPILER_APPICON_NAME = AppIcon;
				CODE_SIGN_STYLE = Automatic;
				DEVELOPMENT_ASSET_PATHS = "\"TextViewApp/Preview Content\"";
				ENABLE_PREVIEWS = YES;
				INFOPLIST_FILE = TextViewApp/Info.plist;
				LD_RUNPATH_SEARCH_PATHS = (
					"$(inherited)",
					"@executable_path/Frameworks",
				);
				PRODUCT_BUNDLE_IDENTIFIER = com.joushitu.TextViewApp;
				PRODUCT_NAME = "$(TARGET_NAME)";
				SWIFT_VERSION = 5.0;
				TARGETED_DEVICE_FAMILY = "1,2";
			};
			name = Debug;
		};
		8794A47123729A08009EF8FD /* Release */ = {
			isa = XCBuildConfiguration;
			buildSettings = {
				ASSETCATALOG_COMPILER_APPICON_NAME = AppIcon;
				CODE_SIGN_STYLE = Automatic;
				DEVELOPMENT_ASSET_PATHS = "\"TextViewApp/Preview Content\"";
				ENABLE_PREVIEWS = YES;
				INFOPLIST_FILE = TextViewApp/Info.plist;
				LD_RUNPATH_SEARCH_PATHS = (
					"$(inherited)",
					"@executable_path/Frameworks",
				);
				PRODUCT_BUNDLE_IDENTIFIER = com.joushitu.TextViewApp;
				PRODUCT_NAME = "$(TARGET_NAME)";
				SWIFT_VERSION = 5.0;
				TARGETED_DEVICE_FAMILY = "1,2";
			};
			name = Release;
		};
		8794A47323729A08009EF8FD /* Debug */ = {
			isa = XCBuildConfiguration;
			buildSettings = {
				ALWAYS_EMBED_SWIFT_STANDARD_LIBRARIES = YES;
				BUNDLE_LOADER = "$(TEST_HOST)";
				CODE_SIGN_STYLE = Automatic;
				INFOPLIST_FILE = TextViewAppTests/Info.plist;
				IPHONEOS_DEPLOYMENT_TARGET = 13.2;
				LD_RUNPATH_SEARCH_PATHS = (
					"$(inherited)",
					"@executable_path/Frameworks",
					"@loader_path/Frameworks",
				);
				PRODUCT_BUNDLE_IDENTIFIER = com.joushitu.TextViewAppTests;
				PRODUCT_NAME = "$(TARGET_NAME)";
				SWIFT_VERSION = 5.0;
				TARGETED_DEVICE_FAMILY = "1,2";
				TEST_HOST = "$(BUILT_PRODUCTS_DIR)/TextViewApp.app/TextViewApp";
			};
			name = Debug;
		};
		8794A47423729A08009EF8FD /* Release */ = {
			isa = XCBuildConfiguration;
			buildSettings = {
				ALWAYS_EMBED_SWIFT_STANDARD_LIBRARIES = YES;
				BUNDLE_LOADER = "$(TEST_HOST)";
				CODE_SIGN_STYLE = Automatic;
				INFOPLIST_FILE = TextViewAppTests/Info.plist;
				IPHONEOS_DEPLOYMENT_TARGET = 13.2;
				LD_RUNPATH_SEARCH_PATHS = (
					"$(inherited)",
					"@executable_path/Frameworks",
					"@loader_path/Frameworks",
				);
				PRODUCT_BUNDLE_IDENTIFIER = com.joushitu.TextViewAppTests;
				PRODUCT_NAME = "$(TARGET_NAME)";
				SWIFT_VERSION = 5.0;
				TARGETED_DEVICE_FAMILY = "1,2";
				TEST_HOST = "$(BUILT_PRODUCTS_DIR)/TextViewApp.app/TextViewApp";
			};
			name = Release;
		};
		8794A47623729A08009EF8FD /* Debug */ = {
			isa = XCBuildConfiguration;
			buildSettings = {
				ALWAYS_EMBED_SWIFT_STANDARD_LIBRARIES = YES;
				CODE_SIGN_STYLE = Automatic;
				INFOPLIST_FILE = TextViewAppUITests/Info.plist;
				LD_RUNPATH_SEARCH_PATHS = (
					"$(inherited)",
					"@executable_path/Frameworks",
					"@loader_path/Frameworks",
				);
				PRODUCT_BUNDLE_IDENTIFIER = com.joushitu.TextViewAppUITests;
				PRODUCT_NAME = "$(TARGET_NAME)";
				SWIFT_VERSION = 5.0;
				TARGETED_DEVICE_FAMILY = "1,2";
				TEST_TARGET_NAME = TextViewApp;
			};
			name = Debug;
		};
		8794A47723729A08009EF8FD /* Release */ = {
			isa = XCBuildConfiguration;
			buildSettings = {
				ALWAYS_EMBED_SWIFT_STANDARD_LIBRARIES = YES;
				CODE_SIGN_STYLE = Automatic;
				INFOPLIST_FILE = TextViewAppUITests/Info.plist;
				LD_RUNPATH_SEARCH_PATHS = (
					"$(inherited)",
					"@executable_path/Frameworks",
					"@loader_path/Frameworks",
				);
				PRODUCT_BUNDLE_IDENTIFIER = com.joushitu.TextViewAppUITests;
				PRODUCT_NAME = "$(TARGET_NAME)";
				SWIFT_VERSION = 5.0;
				TARGETED_DEVICE_FAMILY = "1,2";
				TEST_TARGET_NAME = TextViewApp;
			};
			name = Release;
		};
/* End XCBuildConfiguration section */

/* Begin XCConfigurationList section */
		8794A44023729A04009EF8FD /* Build configuration list for PBXProject "TextViewApp" */ = {
			isa = XCConfigurationList;
			buildConfigurations = (
				8794A46D23729A08009EF8FD /* Debug */,
				8794A46E23729A08009EF8FD /* Release */,
			);
			defaultConfigurationIsVisible = 0;
			defaultConfigurationName = Release;
		};
		8794A46F23729A08009EF8FD /* Build configuration list for PBXNativeTarget "TextViewApp" */ = {
			isa = XCConfigurationList;
			buildConfigurations = (
				8794A47023729A08009EF8FD /* Debug */,
				8794A47123729A08009EF8FD /* Release */,
			);
			defaultConfigurationIsVisible = 0;
			defaultConfigurationName = Release;
		};
		8794A47223729A08009EF8FD /* Build configuration list for PBXNativeTarget "TextViewAppTests" */ = {
			isa = XCConfigurationList;
			buildConfigurations = (
				8794A47323729A08009EF8FD /* Debug */,
				8794A47423729A08009EF8FD /* Release */,
			);
			defaultConfigurationIsVisible = 0;
			defaultConfigurationName = Release;
		};
		8794A47523729A08009EF8FD /* Build configuration list for PBXNativeTarget "TextViewAppUITests" */ = {
			isa = XCConfigurationList;
			buildConfigurations = (
				8794A47623729A08009EF8FD /* Debug */,
				8794A47723729A08009EF8FD /* Release */,
			);
			defaultConfigurationIsVisible = 0;
			defaultConfigurationName = Release;
		};
/* End XCConfigurationList section */
	};
	rootObject = 8794A43D23729A04009EF8FD /* Project object */;
}
